<?xml version="1.0" encoding="utf-8"?>
<Project ToolsVersion="4.0" xmlns="http://schemas.microsoft.com/developer/msbuild/2003">
  <ItemGroup>
    <Filter Include="源文件">
      <UniqueIdentifier>{4FC737F1-C7A5-4376-A066-2A32D752A2FF}</UniqueIdentifier>
      <Extensions>cpp;c;cc;cxx;def;odl;idl;hpj;bat;asm;asmx</Extensions>
    </Filter>
    <Filter Include="头文件">
      <UniqueIdentifier>{93995380-89BD-4b04-88EB-625FBE52EBFB}</UniqueIdentifier>
      <Extensions>h;hh;hpp;hxx;hm;inl;inc;xsd</Extensions>
    </Filter>
    <Filter Include="资源文件">
      <UniqueIdentifier>{67DA6AB6-F800-4c08-8B7A-83BB121AAD01}</UniqueIdentifier>
      <Extensions>rc;ico;cur;bmp;dlg;rc2;rct;bin;rgs;gif;jpg;jpeg;jpe;resx;tiff;tif;png;wav;mfcribbon-ms</Extensions>
    </Filter>
    <Filter Include="base">
      <UniqueIdentifier>{5a26e741-5af6-45c7-a6ac-d329c26302fc}</UniqueIdentifier>
    </Filter>
    <Filter Include="3rd">
      <UniqueIdentifier>{0b308b32-f4b8-44b5-9c3e-2b7561ae2943}</UniqueIdentifier>
    </Filter>
    <Filter Include="3rd\spdlog">
      <UniqueIdentifier>{52cdb119-bc27-41ca-80cf-dffb3b63d596}</UniqueIdentifier>
    </Filter>
    <Filter Include="3rd\iguana">
      <UniqueIdentifier>{7f04f7b3-7854-4b1f-b136-7d2dbd1eb011}</UniqueIdentifier>
    </Filter>
    <Filter Include="3rd\iguana\detail">
      <UniqueIdentifier>{e91e5657-7fb3-459b-a1f0-36c30690aa46}</UniqueIdentifier>
    </Filter>
  </ItemGroup>
  <ItemGroup>
    <ClCompile Include="MyApp.cpp">
      <Filter>源文件</Filter>
    </ClCompile>
    <ClCompile Include="base\GeneralApplication.cpp">
      <Filter>base</Filter>
    </ClCompile>
    <ClCompile Include="base\GeneralLog.cpp">
      <Filter>base</Filter>
    </ClCompile>
    <ClCompile Include="base\SingletonProcess.cpp">
      <Filter>base</Filter>
    </ClCompile>
    <ClCompile Include="Application.cpp">
      <Filter>源文件</Filter>
    </ClCompile>
  </ItemGroup>
  <ItemGroup>
    <ClInclude Include="MyApp.h">
      <Filter>头文件</Filter>
    </ClInclude>
    <ClInclude Include="base\CPreDefined.h">
      <Filter>base</Filter>
    </ClInclude>
    <ClInclude Include="base\GeneralApplication.h">
      <Filter>base</Filter>
    </ClInclude>
    <ClInclude Include="base\GeneralLog.h">
      <Filter>base</Filter>
    </ClInclude>
    <ClInclude Include="base\Property.h">
      <Filter>base</Filter>
    </ClInclude>
    <ClInclude Include="base\SingletonProcess.h">
      <Filter>base</Filter>
    </ClInclude>
    <ClInclude Include="..\3rd\spdlog\include\spdlog\async.h">
      <Filter>3rd\spdlog</Filter>
    </ClInclude>
    <ClInclude Include="..\3rd\spdlog\include\spdlog\async_logger.h">
      <Filter>3rd\spdlog</Filter>
    </ClInclude>
    <ClInclude Include="..\3rd\spdlog\include\spdlog\async_logger-inl.h">
      <Filter>3rd\spdlog</Filter>
    </ClInclude>
    <ClInclude Include="..\3rd\spdlog\include\spdlog\common.h">
      <Filter>3rd\spdlog</Filter>
    </ClInclude>
    <ClInclude Include="..\3rd\spdlog\include\spdlog\common-inl.h">
      <Filter>3rd\spdlog</Filter>
    </ClInclude>
    <ClInclude Include="..\3rd\spdlog\include\spdlog\formatter.h">
      <Filter>3rd\spdlog</Filter>
    </ClInclude>
    <ClInclude Include="..\3rd\spdlog\include\spdlog\fwd.h">
      <Filter>3rd\spdlog</Filter>
    </ClInclude>
    <ClInclude Include="..\3rd\spdlog\include\spdlog\logger.h">
      <Filter>3rd\spdlog</Filter>
    </ClInclude>
    <ClInclude Include="..\3rd\spdlog\include\spdlog\logger-inl.h">
      <Filter>3rd\spdlog</Filter>
    </ClInclude>
    <ClInclude Include="..\3rd\spdlog\include\spdlog\pattern_formatter.h">
      <Filter>3rd\spdlog</Filter>
    </ClInclude>
    <ClInclude Include="..\3rd\spdlog\include\spdlog\pattern_formatter-inl.h">
      <Filter>3rd\spdlog</Filter>
    </ClInclude>
    <ClInclude Include="..\3rd\spdlog\include\spdlog\spdlog.h">
      <Filter>3rd\spdlog</Filter>
    </ClInclude>
    <ClInclude Include="..\3rd\spdlog\include\spdlog\spdlog-inl.h">
      <Filter>3rd\spdlog</Filter>
    </ClInclude>
    <ClInclude Include="..\3rd\spdlog\include\spdlog\stopwatch.h">
      <Filter>3rd\spdlog</Filter>
    </ClInclude>
    <ClInclude Include="..\3rd\spdlog\include\spdlog\tweakme.h">
      <Filter>3rd\spdlog</Filter>
    </ClInclude>
    <ClInclude Include="..\3rd\spdlog\include\spdlog\version.h">
      <Filter>3rd\spdlog</Filter>
    </ClInclude>
    <ClInclude Include="..\3rd\iguana\define.h">
      <Filter>3rd\iguana</Filter>
    </ClInclude>
    <ClInclude Include="..\3rd\iguana\enum_reflection.hpp">
      <Filter>3rd\iguana</Filter>
    </ClInclude>
    <ClInclude Include="..\3rd\iguana\error_code.h">
      <Filter>3rd\iguana</Filter>
    </ClInclude>
    <ClInclude Include="..\3rd\iguana\json_reader.hpp">
      <Filter>3rd\iguana</Filter>
    </ClInclude>
    <ClInclude Include="..\3rd\iguana\json_util.hpp">
      <Filter>3rd\iguana</Filter>
    </ClInclude>
    <ClInclude Include="..\3rd\iguana\json_writer.hpp">
      <Filter>3rd\iguana</Filter>
    </ClInclude>
    <ClInclude Include="..\3rd\iguana\prettify.hpp">
      <Filter>3rd\iguana</Filter>
    </ClInclude>
    <ClInclude Include="..\3rd\iguana\reflection.hpp">
      <Filter>3rd\iguana</Filter>
    </ClInclude>
    <ClInclude Include="..\3rd\iguana\util.hpp">
      <Filter>3rd\iguana</Filter>
    </ClInclude>
    <ClInclude Include="..\3rd\iguana\value.hpp">
      <Filter>3rd\iguana</Filter>
    </ClInclude>
    <ClInclude Include="..\3rd\iguana\xml_reader.hpp">
      <Filter>3rd\iguana</Filter>
    </ClInclude>
    <ClInclude Include="..\3rd\iguana\xml_util.hpp">
      <Filter>3rd\iguana</Filter>
    </ClInclude>
    <ClInclude Include="..\3rd\iguana\xml_writer.hpp">
      <Filter>3rd\iguana</Filter>
    </ClInclude>
    <ClInclude Include="..\3rd\iguana\yaml_reader.hpp">
      <Filter>3rd\iguana</Filter>
    </ClInclude>
    <ClInclude Include="..\3rd\iguana\yaml_util.hpp">
      <Filter>3rd\iguana</Filter>
    </ClInclude>
    <ClInclude Include="..\3rd\iguana\yaml_writer.hpp">
      <Filter>3rd\iguana</Filter>
    </ClInclude>
    <ClInclude Include="..\3rd\iguana\detail\charconv.h">
      <Filter>3rd\iguana\detail</Filter>
    </ClInclude>
    <ClInclude Include="..\3rd\iguana\detail\dragonbox.h">
      <Filter>3rd\iguana\detail</Filter>
    </ClInclude>
    <ClInclude Include="..\3rd\iguana\detail\dragonbox_to_chars.h">
      <Filter>3rd\iguana\detail</Filter>
    </ClInclude>
    <ClInclude Include="..\3rd\iguana\detail\fast_float.h">
      <Filter>3rd\iguana\detail</Filter>
    </ClInclude>
    <ClInclude Include="..\3rd\iguana\detail\itoa.hpp">
      <Filter>3rd\iguana\detail</Filter>
    </ClInclude>
    <ClInclude Include="..\3rd\iguana\detail\string_stream.hpp">
      <Filter>3rd\iguana\detail</Filter>
    </ClInclude>
    <ClInclude Include="..\3rd\iguana\detail\traits.hpp">
      <Filter>3rd\iguana\detail</Filter>
    </ClInclude>
    <ClInclude Include="..\3rd\iguana\detail\utf.hpp">
      <Filter>3rd\iguana\detail</Filter>
    </ClInclude>
    <ClInclude Include="ConfigData.h">
      <Filter>头文件</Filter>
    </ClInclude>
  </ItemGroup>
</Project>